// !$*UTF8*$!
{
	archiveVersion = 1;
	classes = {
	};
	objectVersion = 52;
	objects = {

/* Begin PBXBuildFile section */
		CB1179E72515BB4C00D9A410 /* SearchDataSouces.swift in Sources */ = {isa = PBXBuildFile; fileRef = CB1179E62515BB4C00D9A410 /* SearchDataSouces.swift */; };
		CB1179E925161CBD00D9A410 /* Reactive+Extensions.swift in Sources */ = {isa = PBXBuildFile; fileRef = CB1179E825161CBD00D9A410 /* Reactive+Extensions.swift */; };
		CB1179EB25167EB700D9A410 /* UIImageView+Extensions.swift in Sources */ = {isa = PBXBuildFile; fileRef = CB1179EA25167EB700D9A410 /* UIImageView+Extensions.swift */; };
		CB1179EE251687EF00D9A410 /* SearchDetailViewController.swift in Sources */ = {isa = PBXBuildFile; fileRef = CB1179ED251687EF00D9A410 /* SearchDetailViewController.swift */; };
		CB1179F0251687F600D9A410 /* SearchDetail.storyboard in Resources */ = {isa = PBXBuildFile; fileRef = CB1179EF251687F600D9A410 /* SearchDetail.storyboard */; };
		CB1179F22516882F00D9A410 /* SearchDetailViewReactor.swift in Sources */ = {isa = PBXBuildFile; fileRef = CB1179F12516882F00D9A410 /* SearchDetailViewReactor.swift */; };
		CB1CE07425147A1000508BBF /* AppDelegate.swift in Sources */ = {isa = PBXBuildFile; fileRef = CB1CE07325147A1000508BBF /* AppDelegate.swift */; };
		CB1CE07625147A1000508BBF /* SceneDelegate.swift in Sources */ = {isa = PBXBuildFile; fileRef = CB1CE07525147A1000508BBF /* SceneDelegate.swift */; };
		CB1CE07B25147A1000508BBF /* Main.storyboard in Resources */ = {isa = PBXBuildFile; fileRef = CB1CE07925147A1000508BBF /* Main.storyboard */; };
		CB1CE07D25147A1300508BBF /* Assets.xcassets in Resources */ = {isa = PBXBuildFile; fileRef = CB1CE07C25147A1300508BBF /* Assets.xcassets */; };
		CB1CE08025147A1300508BBF /* LaunchScreen.storyboard in Resources */ = {isa = PBXBuildFile; fileRef = CB1CE07E25147A1300508BBF /* LaunchScreen.storyboard */; };
		CB1CE08B25147A1400508BBF /* KAKAOBANK_SHOHTests.swift in Sources */ = {isa = PBXBuildFile; fileRef = CB1CE08A25147A1400508BBF /* KAKAOBANK_SHOHTests.swift */; };
		CB1CE09625147A1400508BBF /* KAKAOBANK_SHOHUITests.swift in Sources */ = {isa = PBXBuildFile; fileRef = CB1CE09525147A1400508BBF /* KAKAOBANK_SHOHUITests.swift */; };
		CB1CE0A525147B2300508BBF /* RxSwift in Frameworks */ = {isa = PBXBuildFile; productRef = CB1CE0A425147B2300508BBF /* RxSwift */; };
		CB1CE0A725147B2300508BBF /* RxTest in Frameworks */ = {isa = PBXBuildFile; productRef = CB1CE0A625147B2300508BBF /* RxTest */; };
		CB1CE0A925147B2300508BBF /* RxRelay in Frameworks */ = {isa = PBXBuildFile; productRef = CB1CE0A825147B2300508BBF /* RxRelay */; };
		CB1CE0AB25147B2300508BBF /* RxCocoa in Frameworks */ = {isa = PBXBuildFile; productRef = CB1CE0AA25147B2300508BBF /* RxCocoa */; };
		CB1CE0AD25147B2300508BBF /* RxBlocking in Frameworks */ = {isa = PBXBuildFile; productRef = CB1CE0AC25147B2300508BBF /* RxBlocking */; };
		CB1CE0B025147B4C00508BBF /* SnapKit in Frameworks */ = {isa = PBXBuildFile; productRef = CB1CE0AF25147B4C00508BBF /* SnapKit */; };
		CB1CE0B325147B7200508BBF /* ReactorKit in Frameworks */ = {isa = PBXBuildFile; productRef = CB1CE0B225147B7200508BBF /* ReactorKit */; };
		CB1CE0B625147B9000508BBF /* Then in Frameworks */ = {isa = PBXBuildFile; productRef = CB1CE0B525147B9000508BBF /* Then */; };
		CB1CE0B925147BAE00508BBF /* Differentiator in Frameworks */ = {isa = PBXBuildFile; productRef = CB1CE0B825147BAE00508BBF /* Differentiator */; };
		CB1CE0BB25147BAE00508BBF /* RxDataSources in Frameworks */ = {isa = PBXBuildFile; productRef = CB1CE0BA25147BAE00508BBF /* RxDataSources */; };
		CB1CE0C125147C2200508BBF /* Cell+Extensions.swift in Sources */ = {isa = PBXBuildFile; fileRef = CB1CE0C025147C2200508BBF /* Cell+Extensions.swift */; };
		CB1CE0C625147C5B00508BBF /* Reusable.swift in Sources */ = {isa = PBXBuildFile; fileRef = CB1CE0C525147C5B00508BBF /* Reusable.swift */; };
		CB1CE0C825147C7900508BBF /* NetworkManager.swift in Sources */ = {isa = PBXBuildFile; fileRef = CB1CE0C725147C7900508BBF /* NetworkManager.swift */; };
		CB1CE0CA25147C8600508BBF /* UserdefaultsManager.swift in Sources */ = {isa = PBXBuildFile; fileRef = CB1CE0C925147C8600508BBF /* UserdefaultsManager.swift */; };
		CB1CE0CD25147CBB00508BBF /* APIDomain.swift in Sources */ = {isa = PBXBuildFile; fileRef = CB1CE0CC25147CBB00508BBF /* APIDomain.swift */; };
		CB1CE0CF25147CC200508BBF /* ErrorHandler.swift in Sources */ = {isa = PBXBuildFile; fileRef = CB1CE0CE25147CC200508BBF /* ErrorHandler.swift */; };
		CB1CE0D225147CCE00508BBF /* SearchModel.swift in Sources */ = {isa = PBXBuildFile; fileRef = CB1CE0D125147CCE00508BBF /* SearchModel.swift */; };
		CB1CE0DB2514878600508BBF /* AppLaunch.swift in Sources */ = {isa = PBXBuildFile; fileRef = CB1CE0DA2514878600508BBF /* AppLaunch.swift */; };
		CB1CE0DE251489CA00508BBF /* Search.storyboard in Resources */ = {isa = PBXBuildFile; fileRef = CB1CE0DD251489CA00508BBF /* Search.storyboard */; };
		CB1CE0E0251489F600508BBF /* SearchViewController.swift in Sources */ = {isa = PBXBuildFile; fileRef = CB1CE0DF251489F600508BBF /* SearchViewController.swift */; };
		CB1CE0E225148B3100508BBF /* SearchViewReactor.swift in Sources */ = {isa = PBXBuildFile; fileRef = CB1CE0E125148B3100508BBF /* SearchViewReactor.swift */; };
		CB1CE0E525148BDF00508BBF /* BaseViewController.swift in Sources */ = {isa = PBXBuildFile; fileRef = CB1CE0E425148BDF00508BBF /* BaseViewController.swift */; };
		CB1CE0E925148D6C00508BBF /* SearchUseCase.swift in Sources */ = {isa = PBXBuildFile; fileRef = CB1CE0E825148D6C00508BBF /* SearchUseCase.swift */; };
		CB1CE0EB25149A7F00508BBF /* MainTabBarController.swift in Sources */ = {isa = PBXBuildFile; fileRef = CB1CE0EA25149A7F00508BBF /* MainTabBarController.swift */; };
		CB1CE0EE25149E8200508BBF /* StoryboardType.swift in Sources */ = {isa = PBXBuildFile; fileRef = CB1CE0ED25149E8200508BBF /* StoryboardType.swift */; };
		CB1CE0F02514AA7D00508BBF /* MainTabBarViewReactor.swift in Sources */ = {isa = PBXBuildFile; fileRef = CB1CE0EF2514AA7D00508BBF /* MainTabBarViewReactor.swift */; };
		CB1CE0F22514B4D200508BBF /* SearchSection.swift in Sources */ = {isa = PBXBuildFile; fileRef = CB1CE0F12514B4D200508BBF /* SearchSection.swift */; };
		CB1CE0F52514B53000508BBF /* RecentCVCell.swift in Sources */ = {isa = PBXBuildFile; fileRef = CB1CE0F42514B53000508BBF /* RecentCVCell.swift */; };
		CB1CE0F72514C36700508BBF /* HistoryCVCell.swift in Sources */ = {isa = PBXBuildFile; fileRef = CB1CE0F62514C36700508BBF /* HistoryCVCell.swift */; };
		CB1CE0F92514D56B00508BBF /* UILabel+Extensions.swift in Sources */ = {isa = PBXBuildFile; fileRef = CB1CE0F82514D56B00508BBF /* UILabel+Extensions.swift */; };
		CB1CE0FB2514D7C400508BBF /* Array+Extensions.swift in Sources */ = {isa = PBXBuildFile; fileRef = CB1CE0FA2514D7C400508BBF /* Array+Extensions.swift */; };
		CB1CE0FE251509EC00508BBF /* SearchResultViewController.swift in Sources */ = {isa = PBXBuildFile; fileRef = CB1CE0FD251509EC00508BBF /* SearchResultViewController.swift */; };
		CB1CE100251509F600508BBF /* SearchResult.storyboard in Resources */ = {isa = PBXBuildFile; fileRef = CB1CE0FF251509F600508BBF /* SearchResult.storyboard */; };
		CB1CE10225150A6200508BBF /* SearchResultViewReactor.swift in Sources */ = {isa = PBXBuildFile; fileRef = CB1CE10125150A6200508BBF /* SearchResultViewReactor.swift */; };
		CB1CE10425150CB800508BBF /* IBView.swift in Sources */ = {isa = PBXBuildFile; fileRef = CB1CE10325150CB800508BBF /* IBView.swift */; };
		CB1CE106251519A900508BBF /* SearchResultCell.swift in Sources */ = {isa = PBXBuildFile; fileRef = CB1CE105251519A900508BBF /* SearchResultCell.swift */; };
		CB1CE10825151B7000508BBF /* SearchResultCellReactor.swift in Sources */ = {isa = PBXBuildFile; fileRef = CB1CE10725151B7000508BBF /* SearchResultCellReactor.swift */; };
		CB1CE10A2515210200508BBF /* NetworkManager+UIImageView.swift in Sources */ = {isa = PBXBuildFile; fileRef = CB1CE1092515210200508BBF /* NetworkManager+UIImageView.swift */; };
		CBCB81F02517333E0044FF77 /* CAGradientLayer+Extensions.swift in Sources */ = {isa = PBXBuildFile; fileRef = CBCB81EF2517333E0044FF77 /* CAGradientLayer+Extensions.swift */; };
/* End PBXBuildFile section */

/* Begin PBXContainerItemProxy section */
		CB1CE08725147A1300508BBF /* PBXContainerItemProxy */ = {
			isa = PBXContainerItemProxy;
			containerPortal = CB1CE06825147A1000508BBF /* Project object */;
			proxyType = 1;
			remoteGlobalIDString = CB1CE06F25147A1000508BBF;
			remoteInfo = "KAKAOBANK-SHOH";
		};
		CB1CE09225147A1400508BBF /* PBXContainerItemProxy */ = {
			isa = PBXContainerItemProxy;
			containerPortal = CB1CE06825147A1000508BBF /* Project object */;
			proxyType = 1;
			remoteGlobalIDString = CB1CE06F25147A1000508BBF;
			remoteInfo = "KAKAOBANK-SHOH";
		};
/* End PBXContainerItemProxy section */

/* Begin PBXFileReference section */
		CB1179E62515BB4C00D9A410 /* SearchDataSouces.swift */ = {isa = PBXFileReference; lastKnownFileType = sourcecode.swift; path = SearchDataSouces.swift; sourceTree = "<group>"; };
		CB1179E825161CBD00D9A410 /* Reactive+Extensions.swift */ = {isa = PBXFileReference; lastKnownFileType = sourcecode.swift; path = "Reactive+Extensions.swift"; sourceTree = "<group>"; };
		CB1179EA25167EB700D9A410 /* UIImageView+Extensions.swift */ = {isa = PBXFileReference; lastKnownFileType = sourcecode.swift; path = "UIImageView+Extensions.swift"; sourceTree = "<group>"; };
		CB1179ED251687EF00D9A410 /* SearchDetailViewController.swift */ = {isa = PBXFileReference; lastKnownFileType = sourcecode.swift; path = SearchDetailViewController.swift; sourceTree = "<group>"; };
		CB1179EF251687F600D9A410 /* SearchDetail.storyboard */ = {isa = PBXFileReference; lastKnownFileType = file.storyboard; path = SearchDetail.storyboard; sourceTree = "<group>"; };
		CB1179F12516882F00D9A410 /* SearchDetailViewReactor.swift */ = {isa = PBXFileReference; lastKnownFileType = sourcecode.swift; path = SearchDetailViewReactor.swift; sourceTree = "<group>"; };
		CB1CE07025147A1000508BBF /* KAKAOBANK-SHOH.app */ = {isa = PBXFileReference; explicitFileType = wrapper.application; includeInIndex = 0; path = "KAKAOBANK-SHOH.app"; sourceTree = BUILT_PRODUCTS_DIR; };
		CB1CE07325147A1000508BBF /* AppDelegate.swift */ = {isa = PBXFileReference; lastKnownFileType = sourcecode.swift; path = AppDelegate.swift; sourceTree = "<group>"; };
		CB1CE07525147A1000508BBF /* SceneDelegate.swift */ = {isa = PBXFileReference; lastKnownFileType = sourcecode.swift; path = SceneDelegate.swift; sourceTree = "<group>"; };
		CB1CE07A25147A1000508BBF /* Base */ = {isa = PBXFileReference; lastKnownFileType = file.storyboard; name = Base; path = Base.lproj/Main.storyboard; sourceTree = "<group>"; };
		CB1CE07C25147A1300508BBF /* Assets.xcassets */ = {isa = PBXFileReference; lastKnownFileType = folder.assetcatalog; path = Assets.xcassets; sourceTree = "<group>"; };
		CB1CE07F25147A1300508BBF /* Base */ = {isa = PBXFileReference; lastKnownFileType = file.storyboard; name = Base; path = Base.lproj/LaunchScreen.storyboard; sourceTree = "<group>"; };
		CB1CE08125147A1300508BBF /* Info.plist */ = {isa = PBXFileReference; lastKnownFileType = text.plist.xml; path = Info.plist; sourceTree = "<group>"; };
		CB1CE08625147A1300508BBF /* KAKAOBANK-SHOHTests.xctest */ = {isa = PBXFileReference; explicitFileType = wrapper.cfbundle; includeInIndex = 0; path = "KAKAOBANK-SHOHTests.xctest"; sourceTree = BUILT_PRODUCTS_DIR; };
		CB1CE08A25147A1400508BBF /* KAKAOBANK_SHOHTests.swift */ = {isa = PBXFileReference; lastKnownFileType = sourcecode.swift; path = KAKAOBANK_SHOHTests.swift; sourceTree = "<group>"; };
		CB1CE08C25147A1400508BBF /* Info.plist */ = {isa = PBXFileReference; lastKnownFileType = text.plist.xml; path = Info.plist; sourceTree = "<group>"; };
		CB1CE09125147A1400508BBF /* KAKAOBANK-SHOHUITests.xctest */ = {isa = PBXFileReference; explicitFileType = wrapper.cfbundle; includeInIndex = 0; path = "KAKAOBANK-SHOHUITests.xctest"; sourceTree = BUILT_PRODUCTS_DIR; };
		CB1CE09525147A1400508BBF /* KAKAOBANK_SHOHUITests.swift */ = {isa = PBXFileReference; lastKnownFileType = sourcecode.swift; path = KAKAOBANK_SHOHUITests.swift; sourceTree = "<group>"; };
		CB1CE09725147A1400508BBF /* Info.plist */ = {isa = PBXFileReference; lastKnownFileType = text.plist.xml; path = Info.plist; sourceTree = "<group>"; };
		CB1CE0C025147C2200508BBF /* Cell+Extensions.swift */ = {isa = PBXFileReference; lastKnownFileType = sourcecode.swift; path = "Cell+Extensions.swift"; sourceTree = "<group>"; };
		CB1CE0C525147C5B00508BBF /* Reusable.swift */ = {isa = PBXFileReference; lastKnownFileType = sourcecode.swift; path = Reusable.swift; sourceTree = "<group>"; };
		CB1CE0C725147C7900508BBF /* NetworkManager.swift */ = {isa = PBXFileReference; lastKnownFileType = sourcecode.swift; path = NetworkManager.swift; sourceTree = "<group>"; };
		CB1CE0C925147C8600508BBF /* UserdefaultsManager.swift */ = {isa = PBXFileReference; lastKnownFileType = sourcecode.swift; path = UserdefaultsManager.swift; sourceTree = "<group>"; };
		CB1CE0CC25147CBB00508BBF /* APIDomain.swift */ = {isa = PBXFileReference; lastKnownFileType = sourcecode.swift; path = APIDomain.swift; sourceTree = "<group>"; };
		CB1CE0CE25147CC200508BBF /* ErrorHandler.swift */ = {isa = PBXFileReference; lastKnownFileType = sourcecode.swift; path = ErrorHandler.swift; sourceTree = "<group>"; };
		CB1CE0D125147CCE00508BBF /* SearchModel.swift */ = {isa = PBXFileReference; lastKnownFileType = sourcecode.swift; path = SearchModel.swift; sourceTree = "<group>"; };
		CB1CE0DA2514878600508BBF /* AppLaunch.swift */ = {isa = PBXFileReference; lastKnownFileType = sourcecode.swift; path = AppLaunch.swift; sourceTree = "<group>"; };
		CB1CE0DD251489CA00508BBF /* Search.storyboard */ = {isa = PBXFileReference; lastKnownFileType = file.storyboard; path = Search.storyboard; sourceTree = "<group>"; };
		CB1CE0DF251489F600508BBF /* SearchViewController.swift */ = {isa = PBXFileReference; lastKnownFileType = sourcecode.swift; path = SearchViewController.swift; sourceTree = "<group>"; };
		CB1CE0E125148B3100508BBF /* SearchViewReactor.swift */ = {isa = PBXFileReference; lastKnownFileType = sourcecode.swift; path = SearchViewReactor.swift; sourceTree = "<group>"; };
		CB1CE0E425148BDF00508BBF /* BaseViewController.swift */ = {isa = PBXFileReference; lastKnownFileType = sourcecode.swift; path = BaseViewController.swift; sourceTree = "<group>"; };
		CB1CE0E825148D6C00508BBF /* SearchUseCase.swift */ = {isa = PBXFileReference; lastKnownFileType = sourcecode.swift; path = SearchUseCase.swift; sourceTree = "<group>"; };
		CB1CE0EA25149A7F00508BBF /* MainTabBarController.swift */ = {isa = PBXFileReference; lastKnownFileType = sourcecode.swift; path = MainTabBarController.swift; sourceTree = "<group>"; };
		CB1CE0ED25149E8200508BBF /* StoryboardType.swift */ = {isa = PBXFileReference; lastKnownFileType = sourcecode.swift; path = StoryboardType.swift; sourceTree = "<group>"; };
		CB1CE0EF2514AA7D00508BBF /* MainTabBarViewReactor.swift */ = {isa = PBXFileReference; lastKnownFileType = sourcecode.swift; path = MainTabBarViewReactor.swift; sourceTree = "<group>"; };
		CB1CE0F12514B4D200508BBF /* SearchSection.swift */ = {isa = PBXFileReference; lastKnownFileType = sourcecode.swift; path = SearchSection.swift; sourceTree = "<group>"; };
		CB1CE0F42514B53000508BBF /* RecentCVCell.swift */ = {isa = PBXFileReference; lastKnownFileType = sourcecode.swift; path = RecentCVCell.swift; sourceTree = "<group>"; };
		CB1CE0F62514C36700508BBF /* HistoryCVCell.swift */ = {isa = PBXFileReference; lastKnownFileType = sourcecode.swift; path = HistoryCVCell.swift; sourceTree = "<group>"; };
		CB1CE0F82514D56B00508BBF /* UILabel+Extensions.swift */ = {isa = PBXFileReference; lastKnownFileType = sourcecode.swift; path = "UILabel+Extensions.swift"; sourceTree = "<group>"; };
		CB1CE0FA2514D7C400508BBF /* Array+Extensions.swift */ = {isa = PBXFileReference; lastKnownFileType = sourcecode.swift; path = "Array+Extensions.swift"; sourceTree = "<group>"; };
		CB1CE0FD251509EC00508BBF /* SearchResultViewController.swift */ = {isa = PBXFileReference; lastKnownFileType = sourcecode.swift; path = SearchResultViewController.swift; sourceTree = "<group>"; };
		CB1CE0FF251509F600508BBF /* SearchResult.storyboard */ = {isa = PBXFileReference; lastKnownFileType = file.storyboard; path = SearchResult.storyboard; sourceTree = "<group>"; };
		CB1CE10125150A6200508BBF /* SearchResultViewReactor.swift */ = {isa = PBXFileReference; lastKnownFileType = sourcecode.swift; path = SearchResultViewReactor.swift; sourceTree = "<group>"; };
		CB1CE10325150CB800508BBF /* IBView.swift */ = {isa = PBXFileReference; lastKnownFileType = sourcecode.swift; path = IBView.swift; sourceTree = "<group>"; };
		CB1CE105251519A900508BBF /* SearchResultCell.swift */ = {isa = PBXFileReference; lastKnownFileType = sourcecode.swift; path = SearchResultCell.swift; sourceTree = "<group>"; };
		CB1CE10725151B7000508BBF /* SearchResultCellReactor.swift */ = {isa = PBXFileReference; lastKnownFileType = sourcecode.swift; path = SearchResultCellReactor.swift; sourceTree = "<group>"; };
		CB1CE1092515210200508BBF /* NetworkManager+UIImageView.swift */ = {isa = PBXFileReference; lastKnownFileType = sourcecode.swift; path = "NetworkManager+UIImageView.swift"; sourceTree = "<group>"; };
		CBCB81EF2517333E0044FF77 /* CAGradientLayer+Extensions.swift */ = {isa = PBXFileReference; lastKnownFileType = sourcecode.swift; path = "CAGradientLayer+Extensions.swift"; sourceTree = "<group>"; };
/* End PBXFileReference section */

/* Begin PBXFrameworksBuildPhase section */
		CB1CE06D25147A1000508BBF /* Frameworks */ = {
			isa = PBXFrameworksBuildPhase;
			buildActionMask = 2147483647;
			files = (
				CB1CE0AB25147B2300508BBF /* RxCocoa in Frameworks */,
				CB1CE0AD25147B2300508BBF /* RxBlocking in Frameworks */,
				CB1CE0A925147B2300508BBF /* RxRelay in Frameworks */,
				CB1CE0B625147B9000508BBF /* Then in Frameworks */,
				CB1CE0B925147BAE00508BBF /* Differentiator in Frameworks */,
				CB1CE0A525147B2300508BBF /* RxSwift in Frameworks */,
				CB1CE0BB25147BAE00508BBF /* RxDataSources in Frameworks */,
				CB1CE0B325147B7200508BBF /* ReactorKit in Frameworks */,
				CB1CE0B025147B4C00508BBF /* SnapKit in Frameworks */,
			);
			runOnlyForDeploymentPostprocessing = 0;
		};
		CB1CE08325147A1300508BBF /* Frameworks */ = {
			isa = PBXFrameworksBuildPhase;
			buildActionMask = 2147483647;
			files = (
				CB1CE0A725147B2300508BBF /* RxTest in Frameworks */,
			);
			runOnlyForDeploymentPostprocessing = 0;
		};
		CB1CE08E25147A1400508BBF /* Frameworks */ = {
			isa = PBXFrameworksBuildPhase;
			buildActionMask = 2147483647;
			files = (
			);
			runOnlyForDeploymentPostprocessing = 0;
		};
/* End PBXFrameworksBuildPhase section */

/* Begin PBXGroup section */
		CB1179EC251687D500D9A410 /* SearchDetail */ = {
			isa = PBXGroup;
			children = (
				CB1179EF251687F600D9A410 /* SearchDetail.storyboard */,
				CB1179ED251687EF00D9A410 /* SearchDetailViewController.swift */,
				CB1179F12516882F00D9A410 /* SearchDetailViewReactor.swift */,
			);
			path = SearchDetail;
			sourceTree = "<group>";
		};
		CB1CE06725147A1000508BBF = {
			isa = PBXGroup;
			children = (
				CB1CE07225147A1000508BBF /* KAKAOBANK-SHOH */,
				CB1CE08925147A1300508BBF /* KAKAOBANK-SHOHTests */,
				CB1CE09425147A1400508BBF /* KAKAOBANK-SHOHUITests */,
				CB1CE07125147A1000508BBF /* Products */,
			);
			sourceTree = "<group>";
		};
		CB1CE07125147A1000508BBF /* Products */ = {
			isa = PBXGroup;
			children = (
				CB1CE07025147A1000508BBF /* KAKAOBANK-SHOH.app */,
				CB1CE08625147A1300508BBF /* KAKAOBANK-SHOHTests.xctest */,
				CB1CE09125147A1400508BBF /* KAKAOBANK-SHOHUITests.xctest */,
			);
			name = Products;
			sourceTree = "<group>";
		};
		CB1CE07225147A1000508BBF /* KAKAOBANK-SHOH */ = {
			isa = PBXGroup;
			children = (
				CB1CE08125147A1300508BBF /* Info.plist */,
				CB1CE0BC25147BDF00508BBF /* App */,
				CB1CE0BD25147BE300508BBF /* Domain */,
				CB1CE0E625148D1600508BBF /* Platform */,
				CB1CE0BE25147BE500508BBF /* Resources */,
				CB1CE0CB25147C9500508BBF /* Scenes */,
				CB1CE0BF25147BEB00508BBF /* Utils */,
			);
			path = "KAKAOBANK-SHOH";
			sourceTree = "<group>";
		};
		CB1CE08925147A1300508BBF /* KAKAOBANK-SHOHTests */ = {
			isa = PBXGroup;
			children = (
				CB1CE08A25147A1400508BBF /* KAKAOBANK_SHOHTests.swift */,
				CB1CE08C25147A1400508BBF /* Info.plist */,
			);
			path = "KAKAOBANK-SHOHTests";
			sourceTree = "<group>";
		};
		CB1CE09425147A1400508BBF /* KAKAOBANK-SHOHUITests */ = {
			isa = PBXGroup;
			children = (
				CB1CE09525147A1400508BBF /* KAKAOBANK_SHOHUITests.swift */,
				CB1CE09725147A1400508BBF /* Info.plist */,
			);
			path = "KAKAOBANK-SHOHUITests";
			sourceTree = "<group>";
		};
		CB1CE0BC25147BDF00508BBF /* App */ = {
			isa = PBXGroup;
			children = (
				CB1CE07325147A1000508BBF /* AppDelegate.swift */,
				CB1CE0DA2514878600508BBF /* AppLaunch.swift */,
				CB1CE07525147A1000508BBF /* SceneDelegate.swift */,
			);
			path = App;
			sourceTree = "<group>";
		};
		CB1CE0BD25147BE300508BBF /* Domain */ = {
			isa = PBXGroup;
			children = (
				CB1CE0CC25147CBB00508BBF /* APIDomain.swift */,
				CB1CE0CE25147CC200508BBF /* ErrorHandler.swift */,
				CB1CE0EC25149E7400508BBF /* Enums */,
				CB1CE0D025147CC500508BBF /* Models */,
			);
			path = Domain;
			sourceTree = "<group>";
		};
		CB1CE0BE25147BE500508BBF /* Resources */ = {
			isa = PBXGroup;
			children = (
				CB1CE07C25147A1300508BBF /* Assets.xcassets */,
				CB1CE07E25147A1300508BBF /* LaunchScreen.storyboard */,
			);
			path = Resources;
			sourceTree = "<group>";
		};
		CB1CE0BF25147BEB00508BBF /* Utils */ = {
			isa = PBXGroup;
			children = (
				CB1CE0C225147C3300508BBF /* Extensions */,
				CB1CE0C325147C4300508BBF /* Managers */,
				CB1CE0C425147C5400508BBF /* Protocol */,
			);
			path = Utils;
			sourceTree = "<group>";
		};
		CB1CE0C225147C3300508BBF /* Extensions */ = {
			isa = PBXGroup;
			children = (
				CB1CE0FA2514D7C400508BBF /* Array+Extensions.swift */,
				CBCB81EF2517333E0044FF77 /* CAGradientLayer+Extensions.swift */,
				CB1CE0C025147C2200508BBF /* Cell+Extensions.swift */,
				CB1179E825161CBD00D9A410 /* Reactive+Extensions.swift */,
				CB1179EA25167EB700D9A410 /* UIImageView+Extensions.swift */,
				CB1CE0F82514D56B00508BBF /* UILabel+Extensions.swift */,
			);
			path = Extensions;
			sourceTree = "<group>";
		};
		CB1CE0C325147C4300508BBF /* Managers */ = {
			isa = PBXGroup;
			children = (
				CB1CE0C725147C7900508BBF /* NetworkManager.swift */,
				CB1CE0C925147C8600508BBF /* UserdefaultsManager.swift */,
				CB1CE1092515210200508BBF /* NetworkManager+UIImageView.swift */,
			);
			path = Managers;
			sourceTree = "<group>";
		};
		CB1CE0C425147C5400508BBF /* Protocol */ = {
			isa = PBXGroup;
			children = (
				CB1CE0C525147C5B00508BBF /* Reusable.swift */,
			);
			path = Protocol;
			sourceTree = "<group>";
		};
		CB1CE0CB25147C9500508BBF /* Scenes */ = {
			isa = PBXGroup;
			children = (
				CB1CE0E325148BD700508BBF /* Base */,
				CB1CE0D525147E3700508BBF /* Main */,
				CB1CE0DC251489B200508BBF /* Search */,
				CB1179EC251687D500D9A410 /* SearchDetail */,
				CB1CE0FC251509AE00508BBF /* SearchResult */,
			);
			path = Scenes;
			sourceTree = "<group>";
		};
		CB1CE0D025147CC500508BBF /* Models */ = {
			isa = PBXGroup;
			children = (
				CB1CE0D125147CCE00508BBF /* SearchModel.swift */,
			);
			path = Models;
			sourceTree = "<group>";
		};
		CB1CE0D525147E3700508BBF /* Main */ = {
			isa = PBXGroup;
			children = (
				CB1CE0EA25149A7F00508BBF /* MainTabBarController.swift */,
				CB1CE07925147A1000508BBF /* Main.storyboard */,
				CB1CE0EF2514AA7D00508BBF /* MainTabBarViewReactor.swift */,
			);
			path = Main;
			sourceTree = "<group>";
		};
		CB1CE0DC251489B200508BBF /* Search */ = {
			isa = PBXGroup;
			children = (
				CB1CE0DD251489CA00508BBF /* Search.storyboard */,
				CB1CE0F62514C36700508BBF /* HistoryCVCell.swift */,
				CB1CE0F42514B53000508BBF /* RecentCVCell.swift */,
				CB1CE0F12514B4D200508BBF /* SearchSection.swift */,
				CB1CE0DF251489F600508BBF /* SearchViewController.swift */,
				CB1CE0E125148B3100508BBF /* SearchViewReactor.swift */,
				CB1179E62515BB4C00D9A410 /* SearchDataSouces.swift */,
			);
			path = Search;
			sourceTree = "<group>";
		};
		CB1CE0E325148BD700508BBF /* Base */ = {
			isa = PBXGroup;
			children = (
				CB1CE0E425148BDF00508BBF /* BaseViewController.swift */,
				CB1CE10325150CB800508BBF /* IBView.swift */,
			);
			path = Base;
			sourceTree = "<group>";
		};
		CB1CE0E625148D1600508BBF /* Platform */ = {
			isa = PBXGroup;
			children = (
				CB1CE0E725148D3100508BBF /* UseCases */,
			);
			path = Platform;
			sourceTree = "<group>";
		};
		CB1CE0E725148D3100508BBF /* UseCases */ = {
			isa = PBXGroup;
			children = (
				CB1CE0E825148D6C00508BBF /* SearchUseCase.swift */,
			);
			path = UseCases;
			sourceTree = "<group>";
		};
		CB1CE0EC25149E7400508BBF /* Enums */ = {
			isa = PBXGroup;
			children = (
				CB1CE0ED25149E8200508BBF /* StoryboardType.swift */,
			);
			path = Enums;
			sourceTree = "<group>";
		};
		CB1CE0FC251509AE00508BBF /* SearchResult */ = {
			isa = PBXGroup;
			children = (
				CB1CE0FF251509F600508BBF /* SearchResult.storyboard */,
				CB1CE105251519A900508BBF /* SearchResultCell.swift */,
				CB1CE10725151B7000508BBF /* SearchResultCellReactor.swift */,
				CB1CE0FD251509EC00508BBF /* SearchResultViewController.swift */,
				CB1CE10125150A6200508BBF /* SearchResultViewReactor.swift */,
			);
			path = SearchResult;
			sourceTree = "<group>";
		};
/* End PBXGroup section */

/* Begin PBXNativeTarget section */
		CB1CE06F25147A1000508BBF /* KAKAOBANK-SHOH */ = {
			isa = PBXNativeTarget;
			buildConfigurationList = CB1CE09A25147A1400508BBF /* Build configuration list for PBXNativeTarget "KAKAOBANK-SHOH" */;
			buildPhases = (
				CB1CE06C25147A1000508BBF /* Sources */,
				CB1CE06D25147A1000508BBF /* Frameworks */,
				CB1CE06E25147A1000508BBF /* Resources */,
			);
			buildRules = (
			);
			dependencies = (
			);
			name = "KAKAOBANK-SHOH";
			packageProductDependencies = (
				CB1CE0A425147B2300508BBF /* RxSwift */,
				CB1CE0A825147B2300508BBF /* RxRelay */,
				CB1CE0AA25147B2300508BBF /* RxCocoa */,
				CB1CE0AC25147B2300508BBF /* RxBlocking */,
				CB1CE0AF25147B4C00508BBF /* SnapKit */,
				CB1CE0B225147B7200508BBF /* ReactorKit */,
				CB1CE0B525147B9000508BBF /* Then */,
				CB1CE0B825147BAE00508BBF /* Differentiator */,
				CB1CE0BA25147BAE00508BBF /* RxDataSources */,
			);
			productName = "KAKAOBANK-SHOH";
			productReference = CB1CE07025147A1000508BBF /* KAKAOBANK-SHOH.app */;
			productType = "com.apple.product-type.application";
		};
		CB1CE08525147A1300508BBF /* KAKAOBANK-SHOHTests */ = {
			isa = PBXNativeTarget;
			buildConfigurationList = CB1CE09D25147A1400508BBF /* Build configuration list for PBXNativeTarget "KAKAOBANK-SHOHTests" */;
			buildPhases = (
				CB1CE08225147A1300508BBF /* Sources */,
				CB1CE08325147A1300508BBF /* Frameworks */,
				CB1CE08425147A1300508BBF /* Resources */,
			);
			buildRules = (
			);
			dependencies = (
				CB1CE08825147A1300508BBF /* PBXTargetDependency */,
			);
			name = "KAKAOBANK-SHOHTests";
			packageProductDependencies = (
				CB1CE0A625147B2300508BBF /* RxTest */,
			);
			productName = "KAKAOBANK-SHOHTests";
			productReference = CB1CE08625147A1300508BBF /* KAKAOBANK-SHOHTests.xctest */;
			productType = "com.apple.product-type.bundle.unit-test";
		};
		CB1CE09025147A1400508BBF /* KAKAOBANK-SHOHUITests */ = {
			isa = PBXNativeTarget;
			buildConfigurationList = CB1CE0A025147A1400508BBF /* Build configuration list for PBXNativeTarget "KAKAOBANK-SHOHUITests" */;
			buildPhases = (
				CB1CE08D25147A1400508BBF /* Sources */,
				CB1CE08E25147A1400508BBF /* Frameworks */,
				CB1CE08F25147A1400508BBF /* Resources */,
			);
			buildRules = (
			);
			dependencies = (
				CB1CE09325147A1400508BBF /* PBXTargetDependency */,
			);
			name = "KAKAOBANK-SHOHUITests";
			productName = "KAKAOBANK-SHOHUITests";
			productReference = CB1CE09125147A1400508BBF /* KAKAOBANK-SHOHUITests.xctest */;
			productType = "com.apple.product-type.bundle.ui-testing";
		};
/* End PBXNativeTarget section */

/* Begin PBXProject section */
		CB1CE06825147A1000508BBF /* Project object */ = {
			isa = PBXProject;
			attributes = {
				LastSwiftUpdateCheck = 1170;
				LastUpgradeCheck = 1170;
				ORGANIZATIONNAME = "SH-OH";
				TargetAttributes = {
					CB1CE06F25147A1000508BBF = {
						CreatedOnToolsVersion = 11.7;
					};
					CB1CE08525147A1300508BBF = {
						CreatedOnToolsVersion = 11.7;
						TestTargetID = CB1CE06F25147A1000508BBF;
					};
					CB1CE09025147A1400508BBF = {
						CreatedOnToolsVersion = 11.7;
						TestTargetID = CB1CE06F25147A1000508BBF;
					};
				};
			};
			buildConfigurationList = CB1CE06B25147A1000508BBF /* Build configuration list for PBXProject "KAKAOBANK-SHOH" */;
			compatibilityVersion = "Xcode 9.3";
			developmentRegion = en;
			hasScannedForEncodings = 0;
			knownRegions = (
				en,
				Base,
			);
			mainGroup = CB1CE06725147A1000508BBF;
			packageReferences = (
				CB1CE0A325147B2300508BBF /* XCRemoteSwiftPackageReference "RxSwift" */,
				CB1CE0AE25147B4C00508BBF /* XCRemoteSwiftPackageReference "SnapKit" */,
				CB1CE0B125147B7200508BBF /* XCRemoteSwiftPackageReference "ReactorKit" */,
				CB1CE0B425147B9000508BBF /* XCRemoteSwiftPackageReference "Then" */,
				CB1CE0B725147BAE00508BBF /* XCRemoteSwiftPackageReference "RxDataSources" */,
			);
			productRefGroup = CB1CE07125147A1000508BBF /* Products */;
			projectDirPath = "";
			projectRoot = "";
			targets = (
				CB1CE06F25147A1000508BBF /* KAKAOBANK-SHOH */,
				CB1CE08525147A1300508BBF /* KAKAOBANK-SHOHTests */,
				CB1CE09025147A1400508BBF /* KAKAOBANK-SHOHUITests */,
			);
		};
/* End PBXProject section */

/* Begin PBXResourcesBuildPhase section */
		CB1CE06E25147A1000508BBF /* Resources */ = {
			isa = PBXResourcesBuildPhase;
			buildActionMask = 2147483647;
			files = (
				CB1CE100251509F600508BBF /* SearchResult.storyboard in Resources */,
				CB1179F0251687F600D9A410 /* SearchDetail.storyboard in Resources */,
				CB1CE08025147A1300508BBF /* LaunchScreen.storyboard in Resources */,
				CB1CE07D25147A1300508BBF /* Assets.xcassets in Resources */,
				CB1CE07B25147A1000508BBF /* Main.storyboard in Resources */,
				CB1CE0DE251489CA00508BBF /* Search.storyboard in Resources */,
			);
			runOnlyForDeploymentPostprocessing = 0;
		};
		CB1CE08425147A1300508BBF /* Resources */ = {
			isa = PBXResourcesBuildPhase;
			buildActionMask = 2147483647;
			files = (
			);
			runOnlyForDeploymentPostprocessing = 0;
		};
		CB1CE08F25147A1400508BBF /* Resources */ = {
			isa = PBXResourcesBuildPhase;
			buildActionMask = 2147483647;
			files = (
			);
			runOnlyForDeploymentPostprocessing = 0;
		};
/* End PBXResourcesBuildPhase section */

/* Begin PBXSourcesBuildPhase section */
		CB1CE06C25147A1000508BBF /* Sources */ = {
			isa = PBXSourcesBuildPhase;
			buildActionMask = 2147483647;
			files = (
				CB1CE0CA25147C8600508BBF /* UserdefaultsManager.swift in Sources */,
				CB1CE0FE251509EC00508BBF /* SearchResultViewController.swift in Sources */,
				CB1CE10A2515210200508BBF /* NetworkManager+UIImageView.swift in Sources */,
				CB1CE0C825147C7900508BBF /* NetworkManager.swift in Sources */,
				CB1CE0D225147CCE00508BBF /* SearchModel.swift in Sources */,
				CB1CE106251519A900508BBF /* SearchResultCell.swift in Sources */,
				CB1179EE251687EF00D9A410 /* SearchDetailViewController.swift in Sources */,
				CB1CE0FB2514D7C400508BBF /* Array+Extensions.swift in Sources */,
				CB1CE0F52514B53000508BBF /* RecentCVCell.swift in Sources */,
				CB1CE07425147A1000508BBF /* AppDelegate.swift in Sources */,
				CB1CE0E525148BDF00508BBF /* BaseViewController.swift in Sources */,
				CB1CE10225150A6200508BBF /* SearchResultViewReactor.swift in Sources */,
				CB1CE0F22514B4D200508BBF /* SearchSection.swift in Sources */,
				CB1179EB25167EB700D9A410 /* UIImageView+Extensions.swift in Sources */,
				CB1CE0CD25147CBB00508BBF /* APIDomain.swift in Sources */,
				CB1CE0DB2514878600508BBF /* AppLaunch.swift in Sources */,
				CB1CE0E0251489F600508BBF /* SearchViewController.swift in Sources */,
				CB1CE0F02514AA7D00508BBF /* MainTabBarViewReactor.swift in Sources */,
				CB1CE0E225148B3100508BBF /* SearchViewReactor.swift in Sources */,
				CB1CE0EE25149E8200508BBF /* StoryboardType.swift in Sources */,
				CB1CE0EB25149A7F00508BBF /* MainTabBarController.swift in Sources */,
				CB1179F22516882F00D9A410 /* SearchDetailViewReactor.swift in Sources */,
				CBCB81F02517333E0044FF77 /* CAGradientLayer+Extensions.swift in Sources */,
				CB1CE10425150CB800508BBF /* IBView.swift in Sources */,
				CB1CE10825151B7000508BBF /* SearchResultCellReactor.swift in Sources */,
				CB1CE0F92514D56B00508BBF /* UILabel+Extensions.swift in Sources */,
				CB1CE07625147A1000508BBF /* SceneDelegate.swift in Sources */,
				CB1CE0CF25147CC200508BBF /* ErrorHandler.swift in Sources */,
				CB1CE0E925148D6C00508BBF /* SearchUseCase.swift in Sources */,
				CB1CE0F72514C36700508BBF /* HistoryCVCell.swift in Sources */,
				CB1179E72515BB4C00D9A410 /* SearchDataSouces.swift in Sources */,
				CB1179E925161CBD00D9A410 /* Reactive+Extensions.swift in Sources */,
				CB1CE0C125147C2200508BBF /* Cell+Extensions.swift in Sources */,
				CB1CE0C625147C5B00508BBF /* Reusable.swift in Sources */,
			);
			runOnlyForDeploymentPostprocessing = 0;
		};
		CB1CE08225147A1300508BBF /* Sources */ = {
			isa = PBXSourcesBuildPhase;
			buildActionMask = 2147483647;
			files = (
				CB1CE08B25147A1400508BBF /* KAKAOBANK_SHOHTests.swift in Sources */,
			);
			runOnlyForDeploymentPostprocessing = 0;
		};
		CB1CE08D25147A1400508BBF /* Sources */ = {
			isa = PBXSourcesBuildPhase;
			buildActionMask = 2147483647;
			files = (
				CB1CE09625147A1400508BBF /* KAKAOBANK_SHOHUITests.swift in Sources */,
			);
			runOnlyForDeploymentPostprocessing = 0;
		};
/* End PBXSourcesBuildPhase section */

/* Begin PBXTargetDependency section */
		CB1CE08825147A1300508BBF /* PBXTargetDependency */ = {
			isa = PBXTargetDependency;
			target = CB1CE06F25147A1000508BBF /* KAKAOBANK-SHOH */;
			targetProxy = CB1CE08725147A1300508BBF /* PBXContainerItemProxy */;
		};
		CB1CE09325147A1400508BBF /* PBXTargetDependency */ = {
			isa = PBXTargetDependency;
			target = CB1CE06F25147A1000508BBF /* KAKAOBANK-SHOH */;
			targetProxy = CB1CE09225147A1400508BBF /* PBXContainerItemProxy */;
		};
/* End PBXTargetDependency section */

/* Begin PBXVariantGroup section */
		CB1CE07925147A1000508BBF /* Main.storyboard */ = {
			isa = PBXVariantGroup;
			children = (
				CB1CE07A25147A1000508BBF /* Base */,
			);
			name = Main.storyboard;
			sourceTree = "<group>";
		};
		CB1CE07E25147A1300508BBF /* LaunchScreen.storyboard */ = {
			isa = PBXVariantGroup;
			children = (
				CB1CE07F25147A1300508BBF /* Base */,
			);
			name = LaunchScreen.storyboard;
			sourceTree = "<group>";
		};
/* End PBXVariantGroup section */

/* Begin XCBuildConfiguration section */
		CB1CE09825147A1400508BBF /* Debug */ = {
			isa = XCBuildConfiguration;
			buildSettings = {
				ALWAYS_SEARCH_USER_PATHS = NO;
				CLANG_ANALYZER_NONNULL = YES;
				CLANG_ANALYZER_NUMBER_OBJECT_CONVERSION = YES_AGGRESSIVE;
				CLANG_CXX_LANGUAGE_STANDARD = "gnu++14";
				CLANG_CXX_LIBRARY = "libc++";
				CLANG_ENABLE_MODULES = YES;
				CLANG_ENABLE_OBJC_ARC = YES;
				CLANG_ENABLE_OBJC_WEAK = YES;
				CLANG_WARN_BLOCK_CAPTURE_AUTORELEASING = YES;
				CLANG_WARN_BOOL_CONVERSION = YES;
				CLANG_WARN_COMMA = YES;
				CLANG_WARN_CONSTANT_CONVERSION = YES;
				CLANG_WARN_DEPRECATED_OBJC_IMPLEMENTATIONS = YES;
				CLANG_WARN_DIRECT_OBJC_ISA_USAGE = YES_ERROR;
				CLANG_WARN_DOCUMENTATION_COMMENTS = YES;
				CLANG_WARN_EMPTY_BODY = YES;
				CLANG_WARN_ENUM_CONVERSION = YES;
				CLANG_WARN_INFINITE_RECURSION = YES;
				CLANG_WARN_INT_CONVERSION = YES;
				CLANG_WARN_NON_LITERAL_NULL_CONVERSION = YES;
				CLANG_WARN_OBJC_IMPLICIT_RETAIN_SELF = YES;
				CLANG_WARN_OBJC_LITERAL_CONVERSION = YES;
				CLANG_WARN_OBJC_ROOT_CLASS = YES_ERROR;
				CLANG_WARN_RANGE_LOOP_ANALYSIS = YES;
				CLANG_WARN_STRICT_PROTOTYPES = YES;
				CLANG_WARN_SUSPICIOUS_MOVE = YES;
				CLANG_WARN_UNGUARDED_AVAILABILITY = YES_AGGRESSIVE;
				CLANG_WARN_UNREACHABLE_CODE = YES;
				CLANG_WARN__DUPLICATE_METHOD_MATCH = YES;
				COPY_PHASE_STRIP = NO;
				DEBUG_INFORMATION_FORMAT = dwarf;
				ENABLE_STRICT_OBJC_MSGSEND = YES;
				ENABLE_TESTABILITY = YES;
				GCC_C_LANGUAGE_STANDARD = gnu11;
				GCC_DYNAMIC_NO_PIC = NO;
				GCC_NO_COMMON_BLOCKS = YES;
				GCC_OPTIMIZATION_LEVEL = 0;
				GCC_PREPROCESSOR_DEFINITIONS = (
					"DEBUG=1",
					"$(inherited)",
				);
				GCC_WARN_64_TO_32_BIT_CONVERSION = YES;
				GCC_WARN_ABOUT_RETURN_TYPE = YES_ERROR;
				GCC_WARN_UNDECLARED_SELECTOR = YES;
				GCC_WARN_UNINITIALIZED_AUTOS = YES_AGGRESSIVE;
				GCC_WARN_UNUSED_FUNCTION = YES;
				GCC_WARN_UNUSED_VARIABLE = YES;
				IPHONEOS_DEPLOYMENT_TARGET = 11.0;
				MTL_ENABLE_DEBUG_INFO = INCLUDE_SOURCE;
				MTL_FAST_MATH = YES;
				ONLY_ACTIVE_ARCH = YES;
				SDKROOT = iphoneos;
				SWIFT_ACTIVE_COMPILATION_CONDITIONS = DEBUG;
				SWIFT_OPTIMIZATION_LEVEL = "-Onone";
			};
			name = Debug;
		};
		CB1CE09925147A1400508BBF /* Release */ = {
			isa = XCBuildConfiguration;
			buildSettings = {
				ALWAYS_SEARCH_USER_PATHS = NO;
				CLANG_ANALYZER_NONNULL = YES;
				CLANG_ANALYZER_NUMBER_OBJECT_CONVERSION = YES_AGGRESSIVE;
				CLANG_CXX_LANGUAGE_STANDARD = "gnu++14";
				CLANG_CXX_LIBRARY = "libc++";
				CLANG_ENABLE_MODULES = YES;
				CLANG_ENABLE_OBJC_ARC = YES;
				CLANG_ENABLE_OBJC_WEAK = YES;
				CLANG_WARN_BLOCK_CAPTURE_AUTORELEASING = YES;
				CLANG_WARN_BOOL_CONVERSION = YES;
				CLANG_WARN_COMMA = YES;
				CLANG_WARN_CONSTANT_CONVERSION = YES;
				CLANG_WARN_DEPRECATED_OBJC_IMPLEMENTATIONS = YES;
				CLANG_WARN_DIRECT_OBJC_ISA_USAGE = YES_ERROR;
				CLANG_WARN_DOCUMENTATION_COMMENTS = YES;
				CLANG_WARN_EMPTY_BODY = YES;
				CLANG_WARN_ENUM_CONVERSION = YES;
				CLANG_WARN_INFINITE_RECURSION = YES;
				CLANG_WARN_INT_CONVERSION = YES;
				CLANG_WARN_NON_LITERAL_NULL_CONVERSION = YES;
				CLANG_WARN_OBJC_IMPLICIT_RETAIN_SELF = YES;
				CLANG_WARN_OBJC_LITERAL_CONVERSION = YES;
				CLANG_WARN_OBJC_ROOT_CLASS = YES_ERROR;
				CLANG_WARN_RANGE_LOOP_ANALYSIS = YES;
				CLANG_WARN_STRICT_PROTOTYPES = YES;
				CLANG_WARN_SUSPICIOUS_MOVE = YES;
				CLANG_WARN_UNGUARDED_AVAILABILITY = YES_AGGRESSIVE;
				CLANG_WARN_UNREACHABLE_CODE = YES;
				CLANG_WARN__DUPLICATE_METHOD_MATCH = YES;
				COPY_PHASE_STRIP = NO;
				DEBUG_INFORMATION_FORMAT = "dwarf-with-dsym";
				ENABLE_NS_ASSERTIONS = NO;
				ENABLE_STRICT_OBJC_MSGSEND = YES;
				GCC_C_LANGUAGE_STANDARD = gnu11;
				GCC_NO_COMMON_BLOCKS = YES;
				GCC_WARN_64_TO_32_BIT_CONVERSION = YES;
				GCC_WARN_ABOUT_RETURN_TYPE = YES_ERROR;
				GCC_WARN_UNDECLARED_SELECTOR = YES;
				GCC_WARN_UNINITIALIZED_AUTOS = YES_AGGRESSIVE;
				GCC_WARN_UNUSED_FUNCTION = YES;
				GCC_WARN_UNUSED_VARIABLE = YES;
				IPHONEOS_DEPLOYMENT_TARGET = 11.0;
				MTL_ENABLE_DEBUG_INFO = NO;
				MTL_FAST_MATH = YES;
				SDKROOT = iphoneos;
				SWIFT_COMPILATION_MODE = wholemodule;
				SWIFT_OPTIMIZATION_LEVEL = "-O";
				VALIDATE_PRODUCT = YES;
			};
			name = Release;
		};
		CB1CE09B25147A1400508BBF /* Debug */ = {
			isa = XCBuildConfiguration;
			buildSettings = {
				ASSETCATALOG_COMPILER_APPICON_NAME = AppIcon;
				CODE_SIGN_STYLE = Automatic;
				DEVELOPMENT_TEAM = 7Q8VF9RM3U;
				INFOPLIST_FILE = "KAKAOBANK-SHOH/Info.plist";
				LD_RUNPATH_SEARCH_PATHS = (
					"$(inherited)",
					"@executable_path/Frameworks",
				);
				PRODUCT_BUNDLE_IDENTIFIER = "SH-OH.KAKAOBANK-SHOH";
				PRODUCT_NAME = "$(TARGET_NAME)";
				SWIFT_VERSION = 5.0;
				TARGETED_DEVICE_FAMILY = "1,2";
			};
			name = Debug;
		};
		CB1CE09C25147A1400508BBF /* Release */ = {
			isa = XCBuildConfiguration;
			buildSettings = {
				ASSETCATALOG_COMPILER_APPICON_NAME = AppIcon;
				CODE_SIGN_STYLE = Automatic;
				DEVELOPMENT_TEAM = 7Q8VF9RM3U;
				INFOPLIST_FILE = "KAKAOBANK-SHOH/Info.plist";
				LD_RUNPATH_SEARCH_PATHS = (
					"$(inherited)",
					"@executable_path/Frameworks",
				);
				PRODUCT_BUNDLE_IDENTIFIER = "SH-OH.KAKAOBANK-SHOH";
				PRODUCT_NAME = "$(TARGET_NAME)";
				SWIFT_VERSION = 5.0;
				TARGETED_DEVICE_FAMILY = "1,2";
			};
			name = Release;
		};
		CB1CE09E25147A1400508BBF /* Debug */ = {
			isa = XCBuildConfiguration;
			buildSettings = {
				ALWAYS_EMBED_SWIFT_STANDARD_LIBRARIES = YES;
				BUNDLE_LOADER = "$(TEST_HOST)";
				CODE_SIGN_STYLE = Automatic;
				DEVELOPMENT_TEAM = 7Q8VF9RM3U;
				INFOPLIST_FILE = "KAKAOBANK-SHOHTests/Info.plist";
				IPHONEOS_DEPLOYMENT_TARGET = 13.7;
				LD_RUNPATH_SEARCH_PATHS = (
					"$(inherited)",
					"@executable_path/Frameworks",
					"@loader_path/Frameworks",
				);
				PRODUCT_BUNDLE_IDENTIFIER = "SH-OH.KAKAOBANK-SHOHTests";
				PRODUCT_NAME = "$(TARGET_NAME)";
				SWIFT_VERSION = 5.0;
				TARGETED_DEVICE_FAMILY = "1,2";
				TEST_HOST = "$(BUILT_PRODUCTS_DIR)/KAKAOBANK-SHOH.app/KAKAOBANK-SHOH";
			};
			name = Debug;
		};
		CB1CE09F25147A1400508BBF /* Release */ = {
			isa = XCBuildConfiguration;
			buildSettings = {
				ALWAYS_EMBED_SWIFT_STANDARD_LIBRARIES = YES;
				BUNDLE_LOADER = "$(TEST_HOST)";
				CODE_SIGN_STYLE = Automatic;
				DEVELOPMENT_TEAM = 7Q8VF9RM3U;
				INFOPLIST_FILE = "KAKAOBANK-SHOHTests/Info.plist";
				IPHONEOS_DEPLOYMENT_TARGET = 13.7;
				LD_RUNPATH_SEARCH_PATHS = (
					"$(inherited)",
					"@executable_path/Frameworks",
					"@loader_path/Frameworks",
				);
				PRODUCT_BUNDLE_IDENTIFIER = "SH-OH.KAKAOBANK-SHOHTests";
				PRODUCT_NAME = "$(TARGET_NAME)";
				SWIFT_VERSION = 5.0;
				TARGETED_DEVICE_FAMILY = "1,2";
				TEST_HOST = "$(BUILT_PRODUCTS_DIR)/KAKAOBANK-SHOH.app/KAKAOBANK-SHOH";
			};
			name = Release;
		};
		CB1CE0A125147A1400508BBF /* Debug */ = {
			isa = XCBuildConfiguration;
			buildSettings = {
				ALWAYS_EMBED_SWIFT_STANDARD_LIBRARIES = YES;
				CODE_SIGN_STYLE = Automatic;
				DEVELOPMENT_TEAM = 7Q8VF9RM3U;
				INFOPLIST_FILE = "KAKAOBANK-SHOHUITests/Info.plist";
				LD_RUNPATH_SEARCH_PATHS = (
					"$(inherited)",
					"@executable_path/Frameworks",
					"@loader_path/Frameworks",
				);
				PRODUCT_BUNDLE_IDENTIFIER = "SH-OH.KAKAOBANK-SHOHUITests";
				PRODUCT_NAME = "$(TARGET_NAME)";
				SWIFT_VERSION = 5.0;
				TARGETED_DEVICE_FAMILY = "1,2";
				TEST_TARGET_NAME = "KAKAOBANK-SHOH";
			};
			name = Debug;
		};
		CB1CE0A225147A1400508BBF /* Release */ = {
			isa = XCBuildConfiguration;
			buildSettings = {
				ALWAYS_EMBED_SWIFT_STANDARD_LIBRARIES = YES;
				CODE_SIGN_STYLE = Automatic;
				DEVELOPMENT_TEAM = 7Q8VF9RM3U;
				INFOPLIST_FILE = "KAKAOBANK-SHOHUITests/Info.plist";
				LD_RUNPATH_SEARCH_PATHS = (
					"$(inherited)",
					"@executable_path/Frameworks",
					"@loader_path/Frameworks",
				);
				PRODUCT_BUNDLE_IDENTIFIER = "SH-OH.KAKAOBANK-SHOHUITests";
				PRODUCT_NAME = "$(TARGET_NAME)";
				SWIFT_VERSION = 5.0;
				TARGETED_DEVICE_FAMILY = "1,2";
				TEST_TARGET_NAME = "KAKAOBANK-SHOH";
			};
			name = Release;
		};
/* End XCBuildConfiguration section */

/* Begin XCConfigurationList section */
		CB1CE06B25147A1000508BBF /* Build configuration list for PBXProject "KAKAOBANK-SHOH" */ = {
			isa = XCConfigurationList;
			buildConfigurations = (
				CB1CE09825147A1400508BBF /* Debug */,
				CB1CE09925147A1400508BBF /* Release */,
			);
			defaultConfigurationIsVisible = 0;
			defaultConfigurationName = Release;
		};
		CB1CE09A25147A1400508BBF /* Build configuration list for PBXNativeTarget "KAKAOBANK-SHOH" */ = {
			isa = XCConfigurationList;
			buildConfigurations = (
				CB1CE09B25147A1400508BBF /* Debug */,
				CB1CE09C25147A1400508BBF /* Release */,
			);
			defaultConfigurationIsVisible = 0;
			defaultConfigurationName = Release;
		};
		CB1CE09D25147A1400508BBF /* Build configuration list for PBXNativeTarget "KAKAOBANK-SHOHTests" */ = {
			isa = XCConfigurationList;
			buildConfigurations = (
				CB1CE09E25147A1400508BBF /* Debug */,
				CB1CE09F25147A1400508BBF /* Release */,
			);
			defaultConfigurationIsVisible = 0;
			defaultConfigurationName = Release;
		};
		CB1CE0A025147A1400508BBF /* Build configuration list for PBXNativeTarget "KAKAOBANK-SHOHUITests" */ = {
			isa = XCConfigurationList;
			buildConfigurations = (
				CB1CE0A125147A1400508BBF /* Debug */,
				CB1CE0A225147A1400508BBF /* Release */,
			);
			defaultConfigurationIsVisible = 0;
			defaultConfigurationName = Release;
		};
/* End XCConfigurationList section */

/* Begin XCRemoteSwiftPackageReference section */
		CB1CE0A325147B2300508BBF /* XCRemoteSwiftPackageReference "RxSwift" */ = {
			isa = XCRemoteSwiftPackageReference;
			repositoryURL = "https://github.com/ReactiveX/RxSwift.git";
			requirement = {
				kind = upToNextMajorVersion;
				minimumVersion = 5.1.1;
			};
		};
		CB1CE0AE25147B4C00508BBF /* XCRemoteSwiftPackageReference "SnapKit" */ = {
			isa = XCRemoteSwiftPackageReference;
			repositoryURL = "https://github.com/SnapKit/SnapKit.git";
			requirement = {
				kind = upToNextMajorVersion;
				minimumVersion = 5.0.1;
			};
		};
		CB1CE0B125147B7200508BBF /* XCRemoteSwiftPackageReference "ReactorKit" */ = {
			isa = XCRemoteSwiftPackageReference;
			repositoryURL = "https://github.com/ReactorKit/ReactorKit.git";
			requirement = {
				kind = upToNextMajorVersion;
				minimumVersion = 2.1.0;
			};
		};
		CB1CE0B425147B9000508BBF /* XCRemoteSwiftPackageReference "Then" */ = {
			isa = XCRemoteSwiftPackageReference;
			repositoryURL = "https://github.com/devxoul/Then.git";
			requirement = {
				kind = upToNextMajorVersion;
				minimumVersion = 2.7.0;
			};
		};
		CB1CE0B725147BAE00508BBF /* XCRemoteSwiftPackageReference "RxDataSources" */ = {
			isa = XCRemoteSwiftPackageReference;
			repositoryURL = "https://github.com/RxSwiftCommunity/RxDataSources.git";
			requirement = {
				kind = upToNextMajorVersion;
				minimumVersion = 4.0.1;
			};
		};
/* End XCRemoteSwiftPackageReference section */

/* Begin XCSwiftPackageProductDependency section */
		CB1CE0A425147B2300508BBF /* RxSwift */ = {
			isa = XCSwiftPackageProductDependency;
			package = CB1CE0A325147B2300508BBF /* XCRemoteSwiftPackageReference "RxSwift" */;
			productName = RxSwift;
		};
		CB1CE0A625147B2300508BBF /* RxTest */ = {
			isa = XCSwiftPackageProductDependency;
			package = CB1CE0A325147B2300508BBF /* XCRemoteSwiftPackageReference "RxSwift" */;
			productName = RxTest;
		};
		CB1CE0A825147B2300508BBF /* RxRelay */ = {
			isa = XCSwiftPackageProductDependency;
			package = CB1CE0A325147B2300508BBF /* XCRemoteSwiftPackageReference "RxSwift" */;
			productName = RxRelay;
		};
		CB1CE0AA25147B2300508BBF /* RxCocoa */ = {
			isa = XCSwiftPackageProductDependency;
			package = CB1CE0A325147B2300508BBF /* XCRemoteSwiftPackageReference "RxSwift" */;
			productName = RxCocoa;
		};
		CB1CE0AC25147B2300508BBF /* RxBlocking */ = {
			isa = XCSwiftPackageProductDependency;
			package = CB1CE0A325147B2300508BBF /* XCRemoteSwiftPackageReference "RxSwift" */;
			productName = RxBlocking;
		};
		CB1CE0AF25147B4C00508BBF /* SnapKit */ = {
			isa = XCSwiftPackageProductDependency;
			package = CB1CE0AE25147B4C00508BBF /* XCRemoteSwiftPackageReference "SnapKit" */;
			productName = SnapKit;
		};
		CB1CE0B225147B7200508BBF /* ReactorKit */ = {
			isa = XCSwiftPackageProductDependency;
			package = CB1CE0B125147B7200508BBF /* XCRemoteSwiftPackageReference "ReactorKit" */;
			productName = ReactorKit;
		};
		CB1CE0B525147B9000508BBF /* Then */ = {
			isa = XCSwiftPackageProductDependency;
			package = CB1CE0B425147B9000508BBF /* XCRemoteSwiftPackageReference "Then" */;
			productName = Then;
		};
		CB1CE0B825147BAE00508BBF /* Differentiator */ = {
			isa = XCSwiftPackageProductDependency;
			package = CB1CE0B725147BAE00508BBF /* XCRemoteSwiftPackageReference "RxDataSources" */;
			productName = Differentiator;
		};
		CB1CE0BA25147BAE00508BBF /* RxDataSources */ = {
			isa = XCSwiftPackageProductDependency;
			package = CB1CE0B725147BAE00508BBF /* XCRemoteSwiftPackageReference "RxDataSources" */;
			productName = RxDataSources;
		};
/* End XCSwiftPackageProductDependency section */
	};
	rootObject = CB1CE06825147A1000508BBF /* Project object */;
}
